
Microsoft Visual Studio Solution File, Format Version 12.00
# Visual Studio Version 17
VisualStudioVersion = 17.6.33829.357
MinimumVisualStudioVersion = 10.0.40219.1
Project("{FAE04EC0-301F-11D3-BF4B-00C04F79EFBC}") = "aspNet", "aspNet\aspNet.csproj", "{B410FCA5-FB8D-45FD-B327-AE727D363B08}"
EndProject
Global
	GlobalSection(SolutionConfigurationPlatforms) = preSolution
		Debug|Any CPU = Debug|Any CPU
		Release|Any CPU = Release|Any CPU
	EndGlobalSection
	GlobalSection(ProjectConfigurationPlatforms) = postSolution
		{B410FCA5-FB8D-45FD-B327-AE727D363B08}.Debug|Any CPU.ActiveCfg = Debug|Any CPU
		{B410FCA5-FB8D-45FD-B327-AE727D363B08}.Debug|Any CPU.Build.0 = Debug|Any CPU
		{B410FCA5-FB8D-45FD-B327-AE727D363B08}.Release|Any CPU.ActiveCfg = Release|Any CPU
		{B410FCA5-FB8D-45FD-B327-AE727D363B08}.Release|Any CPU.Build.0 = Release|Any CPU
	EndGlobalSection
	GlobalSection(SolutionProperties) = preSolution
		HideSolutionNode = FALSE
	EndGlobalSection
	GlobalSection(ExtensibilityGlobals) = postSolution
		SolutionGuid = {683BD425-A875-478E-877B-AC237C58239C}
	EndGlobalSection
EndGlobal
